// !$*UTF8*$!
{
	archiveVersion = 1;
	classes = {
	};
	objectVersion = 55;
	objects = {

/* Begin PBXBuildFile section */
		270D1B3528AE112300D7214A /* FirstViewController.swift in Sources */ = {isa = PBXBuildFile; fileRef = 270D1B3428AE112300D7214A /* FirstViewController.swift */; };
		270D1B3928AE11DF00D7214A /* GoogleService-Info.plist in Resources */ = {isa = PBXBuildFile; fileRef = 270D1B3828AE11DF00D7214A /* GoogleService-Info.plist */; };
		270D1B3C28AE123D00D7214A /* FirebaseAuth in Frameworks */ = {isa = PBXBuildFile; productRef = 270D1B3B28AE123D00D7214A /* FirebaseAuth */; };
		270D1B3E28AE128000D7214A /* LoginViewController.swift in Sources */ = {isa = PBXBuildFile; fileRef = 270D1B3D28AE128000D7214A /* LoginViewController.swift */; };
		270D1B4028AE128F00D7214A /* CreateViewController.swift in Sources */ = {isa = PBXBuildFile; fileRef = 270D1B3F28AE128F00D7214A /* CreateViewController.swift */; };
		274F25E928B1A4A300F06330 /* CourseTableViewController.swift in Sources */ = {isa = PBXBuildFile; fileRef = 274F25E828B1A4A300F06330 /* CourseTableViewController.swift */; };
		2757257C28AEAAE500E72E05 /* MapViewController.swift in Sources */ = {isa = PBXBuildFile; fileRef = 2757257B28AEAAE500E72E05 /* MapViewController.swift */; };
		27621B3028B163D5001DE70F /* ApiHelper.swift in Sources */ = {isa = PBXBuildFile; fileRef = 27621B2F28B163D5001DE70F /* ApiHelper.swift */; };
		27679B0828AE942B00DF06C2 /* AssignmentsViewController.swift in Sources */ = {isa = PBXBuildFile; fileRef = 27679B0728AE942B00DF06C2 /* AssignmentsViewController.swift */; };
		2778F9C628AE0BA50052A0C8 /* AppDelegate.swift in Sources */ = {isa = PBXBuildFile; fileRef = 2778F9C528AE0BA50052A0C8 /* AppDelegate.swift */; };
		2778F9C828AE0BA50052A0C8 /* SceneDelegate.swift in Sources */ = {isa = PBXBuildFile; fileRef = 2778F9C728AE0BA50052A0C8 /* SceneDelegate.swift */; };
		2778F9CD28AE0BA50052A0C8 /* Main.storyboard in Resources */ = {isa = PBXBuildFile; fileRef = 2778F9CB28AE0BA50052A0C8 /* Main.storyboard */; };
		2778F9D028AE0BA50052A0C8 /* iOSCourse.xcdatamodeld in Sources */ = {isa = PBXBuildFile; fileRef = 2778F9CE28AE0BA50052A0C8 /* iOSCourse.xcdatamodeld */; };
		2778F9D228AE0BA60052A0C8 /* Assets.xcassets in Resources */ = {isa = PBXBuildFile; fileRef = 2778F9D128AE0BA60052A0C8 /* Assets.xcassets */; };
		2778F9D528AE0BA60052A0C8 /* LaunchScreen.storyboard in Resources */ = {isa = PBXBuildFile; fileRef = 2778F9D328AE0BA60052A0C8 /* LaunchScreen.storyboard */; };
		27D2295428AE7B02005CF1B9 /* ProfileViewController.swift in Sources */ = {isa = PBXBuildFile; fileRef = 27D2295328AE7B02005CF1B9 /* ProfileViewController.swift */; };
		27D44DDB28AEDCE7003E62AC /* LocationHelper.swift in Sources */ = {isa = PBXBuildFile; fileRef = 27D44DDA28AEDCE6003E62AC /* LocationHelper.swift */; };
		27F5F8C228B1844D00852A66 /* CourseDataHelper.swift in Sources */ = {isa = PBXBuildFile; fileRef = 27F5F8C128B1844D00852A66 /* CourseDataHelper.swift */; };
/* End PBXBuildFile section */

/* Begin PBXFileReference section */
		270D1B3428AE112300D7214A /* FirstViewController.swift */ = {isa = PBXFileReference; lastKnownFileType = sourcecode.swift; path = FirstViewController.swift; sourceTree = "<group>"; };
		270D1B3828AE11DF00D7214A /* GoogleService-Info.plist */ = {isa = PBXFileReference; fileEncoding = 4; lastKnownFileType = text.plist.xml; path = "GoogleService-Info.plist"; sourceTree = "<group>"; };
		270D1B3D28AE128000D7214A /* LoginViewController.swift */ = {isa = PBXFileReference; lastKnownFileType = sourcecode.swift; path = LoginViewController.swift; sourceTree = "<group>"; };
		270D1B3F28AE128F00D7214A /* CreateViewController.swift */ = {isa = PBXFileReference; lastKnownFileType = sourcecode.swift; path = CreateViewController.swift; sourceTree = "<group>"; };
		274F25E828B1A4A300F06330 /* CourseTableViewController.swift */ = {isa = PBXFileReference; lastKnownFileType = sourcecode.swift; path = CourseTableViewController.swift; sourceTree = "<group>"; };
		2757257B28AEAAE500E72E05 /* MapViewController.swift */ = {isa = PBXFileReference; lastKnownFileType = sourcecode.swift; path = MapViewController.swift; sourceTree = "<group>"; };
		27621B2F28B163D5001DE70F /* ApiHelper.swift */ = {isa = PBXFileReference; lastKnownFileType = sourcecode.swift; path = ApiHelper.swift; sourceTree = "<group>"; };
		27679B0728AE942B00DF06C2 /* AssignmentsViewController.swift */ = {isa = PBXFileReference; lastKnownFileType = sourcecode.swift; path = AssignmentsViewController.swift; sourceTree = "<group>"; };
		2778F9C228AE0BA50052A0C8 /* iOSCourse.app */ = {isa = PBXFileReference; explicitFileType = wrapper.application; includeInIndex = 0; path = iOSCourse.app; sourceTree = BUILT_PRODUCTS_DIR; };
		2778F9C528AE0BA50052A0C8 /* AppDelegate.swift */ = {isa = PBXFileReference; lastKnownFileType = sourcecode.swift; path = AppDelegate.swift; sourceTree = "<group>"; };
		2778F9C728AE0BA50052A0C8 /* SceneDelegate.swift */ = {isa = PBXFileReference; lastKnownFileType = sourcecode.swift; path = SceneDelegate.swift; sourceTree = "<group>"; };
		2778F9CC28AE0BA50052A0C8 /* Base */ = {isa = PBXFileReference; lastKnownFileType = file.storyboard; name = Base; path = Base.lproj/Main.storyboard; sourceTree = "<group>"; };
		2778F9CF28AE0BA50052A0C8 /* iOSCourse.xcdatamodel */ = {isa = PBXFileReference; lastKnownFileType = wrapper.xcdatamodel; path = iOSCourse.xcdatamodel; sourceTree = "<group>"; };
		2778F9D128AE0BA60052A0C8 /* Assets.xcassets */ = {isa = PBXFileReference; lastKnownFileType = folder.assetcatalog; path = Assets.xcassets; sourceTree = "<group>"; };
		2778F9D428AE0BA60052A0C8 /* Base */ = {isa = PBXFileReference; lastKnownFileType = file.storyboard; name = Base; path = Base.lproj/LaunchScreen.storyboard; sourceTree = "<group>"; };
		2778F9D628AE0BA60052A0C8 /* Info.plist */ = {isa = PBXFileReference; lastKnownFileType = text.plist.xml; path = Info.plist; sourceTree = "<group>"; };
		27D2295328AE7B02005CF1B9 /* ProfileViewController.swift */ = {isa = PBXFileReference; lastKnownFileType = sourcecode.swift; path = ProfileViewController.swift; sourceTree = "<group>"; };
		27D44DDA28AEDCE6003E62AC /* LocationHelper.swift */ = {isa = PBXFileReference; lastKnownFileType = sourcecode.swift; path = LocationHelper.swift; sourceTree = "<group>"; };
		27F5F8C128B1844D00852A66 /* CourseDataHelper.swift */ = {isa = PBXFileReference; lastKnownFileType = sourcecode.swift; path = CourseDataHelper.swift; sourceTree = "<group>"; };
/* End PBXFileReference section */

/* Begin PBXFrameworksBuildPhase section */
		2778F9BF28AE0BA50052A0C8 /* Frameworks */ = {
			isa = PBXFrameworksBuildPhase;
			buildActionMask = 2147483647;
			files = (
				270D1B3C28AE123D00D7214A /* FirebaseAuth in Frameworks */,
			);
			runOnlyForDeploymentPostprocessing = 0;
		};
/* End PBXFrameworksBuildPhase section */

/* Begin PBXGroup section */
		2778F9B928AE0BA50052A0C8 = {
			isa = PBXGroup;
			children = (
				2778F9C428AE0BA50052A0C8 /* iOSCourse */,
				2778F9C328AE0BA50052A0C8 /* Products */,
			);
			sourceTree = "<group>";
		};
		2778F9C328AE0BA50052A0C8 /* Products */ = {
			isa = PBXGroup;
			children = (
				2778F9C228AE0BA50052A0C8 /* iOSCourse.app */,
			);
			name = Products;
			sourceTree = "<group>";
		};
		2778F9C428AE0BA50052A0C8 /* iOSCourse */ = {
			isa = PBXGroup;
			children = (
				2778F9CE28AE0BA50052A0C8 /* iOSCourse.xcdatamodeld */,
				2778F9C528AE0BA50052A0C8 /* AppDelegate.swift */,
				2778F9C728AE0BA50052A0C8 /* SceneDelegate.swift */,
				270D1B3428AE112300D7214A /* FirstViewController.swift */,
				270D1B3D28AE128000D7214A /* LoginViewController.swift */,
				270D1B3F28AE128F00D7214A /* CreateViewController.swift */,
				27D2295328AE7B02005CF1B9 /* ProfileViewController.swift */,
				27679B0728AE942B00DF06C2 /* AssignmentsViewController.swift */,
				2757257B28AEAAE500E72E05 /* MapViewController.swift */,
				27D44DDA28AEDCE6003E62AC /* LocationHelper.swift */,
				27F5F8C128B1844D00852A66 /* CourseDataHelper.swift */,
				274F25E828B1A4A300F06330 /* CourseTableViewController.swift */,
				27621B2F28B163D5001DE70F /* ApiHelper.swift */,
				2778F9CB28AE0BA50052A0C8 /* Main.storyboard */,
				2778F9D128AE0BA60052A0C8 /* Assets.xcassets */,
				2778F9D328AE0BA60052A0C8 /* LaunchScreen.storyboard */,
				2778F9D628AE0BA60052A0C8 /* Info.plist */,
				270D1B3828AE11DF00D7214A /* GoogleService-Info.plist */,
			);
			path = iOSCourse;
			sourceTree = "<group>";
		};
/* End PBXGroup section */

/* Begin PBXNativeTarget section */
		2778F9C128AE0BA50052A0C8 /* iOSCourse */ = {
			isa = PBXNativeTarget;
			buildConfigurationList = 2778F9D928AE0BA60052A0C8 /* Build configuration list for PBXNativeTarget "iOSCourse" */;
			buildPhases = (
				2778F9BE28AE0BA50052A0C8 /* Sources */,
				2778F9BF28AE0BA50052A0C8 /* Frameworks */,
				2778F9C028AE0BA50052A0C8 /* Resources */,
			);
			buildRules = (
			);
			dependencies = (
			);
			name = iOSCourse;
			packageProductDependencies = (
				270D1B3B28AE123D00D7214A /* FirebaseAuth */,
			);
			productName = iOSCourse;
			productReference = 2778F9C228AE0BA50052A0C8 /* iOSCourse.app */;
			productType = "com.apple.product-type.application";
		};
/* End PBXNativeTarget section */

/* Begin PBXProject section */
		2778F9BA28AE0BA50052A0C8 /* Project object */ = {
			isa = PBXProject;
			attributes = {
				BuildIndependentTargetsInParallel = 1;
				LastSwiftUpdateCheck = 1340;
				LastUpgradeCheck = 1340;
				TargetAttributes = {
					2778F9C128AE0BA50052A0C8 = {
						CreatedOnToolsVersion = 13.4.1;
					};
				};
			};
			buildConfigurationList = 2778F9BD28AE0BA50052A0C8 /* Build configuration list for PBXProject "iOSCourse" */;
			compatibilityVersion = "Xcode 13.0";
			developmentRegion = en;
			hasScannedForEncodings = 0;
			knownRegions = (
				en,
				Base,
			);
			mainGroup = 2778F9B928AE0BA50052A0C8;
			packageReferences = (
				270D1B3A28AE123D00D7214A /* XCRemoteSwiftPackageReference "firebase-ios-sdk" */,
			);
			productRefGroup = 2778F9C328AE0BA50052A0C8 /* Products */;
			projectDirPath = "";
			projectRoot = "";
			targets = (
				2778F9C128AE0BA50052A0C8 /* iOSCourse */,
			);
		};
/* End PBXProject section */

/* Begin PBXResourcesBuildPhase section */
		2778F9C028AE0BA50052A0C8 /* Resources */ = {
			isa = PBXResourcesBuildPhase;
			buildActionMask = 2147483647;
			files = (
				2778F9D528AE0BA60052A0C8 /* LaunchScreen.storyboard in Resources */,
				270D1B3928AE11DF00D7214A /* GoogleService-Info.plist in Resources */,
				2778F9D228AE0BA60052A0C8 /* Assets.xcassets in Resources */,
				2778F9CD28AE0BA50052A0C8 /* Main.storyboard in Resources */,
			);
			runOnlyForDeploymentPostprocessing = 0;
		};
/* End PBXResourcesBuildPhase section */

/* Begin PBXSourcesBuildPhase section */
		2778F9BE28AE0BA50052A0C8 /* Sources */ = {
			isa = PBXSourcesBuildPhase;
			buildActionMask = 2147483647;
			files = (
				27F5F8C228B1844D00852A66 /* CourseDataHelper.swift in Sources */,
				27679B0828AE942B00DF06C2 /* AssignmentsViewController.swift in Sources */,
				27D44DDB28AEDCE7003E62AC /* LocationHelper.swift in Sources */,
				270D1B3E28AE128000D7214A /* LoginViewController.swift in Sources */,
				274F25E928B1A4A300F06330 /* CourseTableViewController.swift in Sources */,
				270D1B3528AE112300D7214A /* FirstViewController.swift in Sources */,
				2757257C28AEAAE500E72E05 /* MapViewController.swift in Sources */,
				270D1B4028AE128F00D7214A /* CreateViewController.swift in Sources */,
				2778F9C628AE0BA50052A0C8 /* AppDelegate.swift in Sources */,
				27621B3028B163D5001DE70F /* ApiHelper.swift in Sources */,
				2778F9D028AE0BA50052A0C8 /* iOSCourse.xcdatamodeld in Sources */,
				27D2295428AE7B02005CF1B9 /* ProfileViewController.swift in Sources */,
				2778F9C828AE0BA50052A0C8 /* SceneDelegate.swift in Sources */,
			);
			runOnlyForDeploymentPostprocessing = 0;
		};
/* End PBXSourcesBuildPhase section */

/* Begin PBXVariantGroup section */
		2778F9CB28AE0BA50052A0C8 /* Main.storyboard */ = {
			isa = PBXVariantGroup;
			children = (
				2778F9CC28AE0BA50052A0C8 /* Base */,
			);
			name = Main.storyboard;
			sourceTree = "<group>";
		};
		2778F9D328AE0BA60052A0C8 /* LaunchScreen.storyboard */ = {
			isa = PBXVariantGroup;
			children = (
				2778F9D428AE0BA60052A0C8 /* Base */,
			);
			name = LaunchScreen.storyboard;
			sourceTree = "<group>";
		};
/* End PBXVariantGroup section */

/* Begin XCBuildConfiguration section */
		2778F9D728AE0BA60052A0C8 /* Debug */ = {
			isa = XCBuildConfiguration;
			buildSettings = {
				ALWAYS_SEARCH_USER_PATHS = NO;
				CLANG_ANALYZER_NONNULL = YES;
				CLANG_ANALYZER_NUMBER_OBJECT_CONVERSION = YES_AGGRESSIVE;
				CLANG_CXX_LANGUAGE_STANDARD = "gnu++17";
				CLANG_ENABLE_MODULES = YES;
				CLANG_ENABLE_OBJC_ARC = YES;
				CLANG_ENABLE_OBJC_WEAK = YES;
				CLANG_WARN_BLOCK_CAPTURE_AUTORELEASING = YES;
				CLANG_WARN_BOOL_CONVERSION = YES;
				CLANG_WARN_COMMA = YES;
				CLANG_WARN_CONSTANT_CONVERSION = YES;
				CLANG_WARN_DEPRECATED_OBJC_IMPLEMENTATIONS = YES;
				CLANG_WARN_DIRECT_OBJC_ISA_USAGE = YES_ERROR;
				CLANG_WARN_DOCUMENTATION_COMMENTS = YES;
				CLANG_WARN_EMPTY_BODY = YES;
				CLANG_WARN_ENUM_CONVERSION = YES;
				CLANG_WARN_INFINITE_RECURSION = YES;
				CLANG_WARN_INT_CONVERSION = YES;
				CLANG_WARN_NON_LITERAL_NULL_CONVERSION = YES;
				CLANG_WARN_OBJC_IMPLICIT_RETAIN_SELF = YES;
				CLANG_WARN_OBJC_LITERAL_CONVERSION = YES;
				CLANG_WARN_OBJC_ROOT_CLASS = YES_ERROR;
				CLANG_WARN_QUOTED_INCLUDE_IN_FRAMEWORK_HEADER = YES;
				CLANG_WARN_RANGE_LOOP_ANALYSIS = YES;
				CLANG_WARN_STRICT_PROTOTYPES = YES;
				CLANG_WARN_SUSPICIOUS_MOVE = YES;
				CLANG_WARN_UNGUARDED_AVAILABILITY = YES_AGGRESSIVE;
				CLANG_WARN_UNREACHABLE_CODE = YES;
				CLANG_WARN__DUPLICATE_METHOD_MATCH = YES;
				COPY_PHASE_STRIP = NO;
				DEBUG_INFORMATION_FORMAT = dwarf;
				ENABLE_STRICT_OBJC_MSGSEND = YES;
				ENABLE_TESTABILITY = YES;
				GCC_C_LANGUAGE_STANDARD = gnu11;
				GCC_DYNAMIC_NO_PIC = NO;
				GCC_NO_COMMON_BLOCKS = YES;
				GCC_OPTIMIZATION_LEVEL = 0;
				GCC_PREPROCESSOR_DEFINITIONS = (
					"DEBUG=1",
					"$(inherited)",
				);
				GCC_WARN_64_TO_32_BIT_CONVERSION = YES;
				GCC_WARN_ABOUT_RETURN_TYPE = YES_ERROR;
				GCC_WARN_UNDECLARED_SELECTOR = YES;
				GCC_WARN_UNINITIALIZED_AUTOS = YES_AGGRESSIVE;
				GCC_WARN_UNUSED_FUNCTION = YES;
				GCC_WARN_UNUSED_VARIABLE = YES;
				IPHONEOS_DEPLOYMENT_TARGET = 15.0;
				MTL_ENABLE_DEBUG_INFO = INCLUDE_SOURCE;
				MTL_FAST_MATH = YES;
				ONLY_ACTIVE_ARCH = YES;
				SDKROOT = iphoneos;
				SWIFT_ACTIVE_COMPILATION_CONDITIONS = DEBUG;
				SWIFT_OPTIMIZATION_LEVEL = "-Onone";
			};
			name = Debug;
		};
		2778F9D828AE0BA60052A0C8 /* Release */ = {
			isa = XCBuildConfiguration;
			buildSettings = {
				ALWAYS_SEARCH_USER_PATHS = NO;
				CLANG_ANALYZER_NONNULL = YES;
				CLANG_ANALYZER_NUMBER_OBJECT_CONVERSION = YES_AGGRESSIVE;
				CLANG_CXX_LANGUAGE_STANDARD = "gnu++17";
				CLANG_ENABLE_MODULES = YES;
				CLANG_ENABLE_OBJC_ARC = YES;
				CLANG_ENABLE_OBJC_WEAK = YES;
				CLANG_WARN_BLOCK_CAPTURE_AUTORELEASING = YES;
				CLANG_WARN_BOOL_CONVERSION = YES;
				CLANG_WARN_COMMA = YES;
				CLANG_WARN_CONSTANT_CONVERSION = YES;
				CLANG_WARN_DEPRECATED_OBJC_IMPLEMENTATIONS = YES;
				CLANG_WARN_DIRECT_OBJC_ISA_USAGE = YES_ERROR;
				CLANG_WARN_DOCUMENTATION_COMMENTS = YES;
				CLANG_WARN_EMPTY_BODY = YES;
				CLANG_WARN_ENUM_CONVERSION = YES;
				CLANG_WARN_INFINITE_RECURSION = YES;
				CLANG_WARN_INT_CONVERSION = YES;
				CLANG_WARN_NON_LITERAL_NULL_CONVERSION = YES;
				CLANG_WARN_OBJC_IMPLICIT_RETAIN_SELF = YES;
				CLANG_WARN_OBJC_LITERAL_CONVERSION = YES;
				CLANG_WARN_OBJC_ROOT_CLASS = YES_ERROR;
				CLANG_WARN_QUOTED_INCLUDE_IN_FRAMEWORK_HEADER = YES;
				CLANG_WARN_RANGE_LOOP_ANALYSIS = YES;
				CLANG_WARN_STRICT_PROTOTYPES = YES;
				CLANG_WARN_SUSPICIOUS_MOVE = YES;
				CLANG_WARN_UNGUARDED_AVAILABILITY = YES_AGGRESSIVE;
				CLANG_WARN_UNREACHABLE_CODE = YES;
				CLANG_WARN__DUPLICATE_METHOD_MATCH = YES;
				COPY_PHASE_STRIP = NO;
				DEBUG_INFORMATION_FORMAT = "dwarf-with-dsym";
				ENABLE_NS_ASSERTIONS = NO;
				ENABLE_STRICT_OBJC_MSGSEND = YES;
				GCC_C_LANGUAGE_STANDARD = gnu11;
				GCC_NO_COMMON_BLOCKS = YES;
				GCC_WARN_64_TO_32_BIT_CONVERSION = YES;
				GCC_WARN_ABOUT_RETURN_TYPE = YES_ERROR;
				GCC_WARN_UNDECLARED_SELECTOR = YES;
				GCC_WARN_UNINITIALIZED_AUTOS = YES_AGGRESSIVE;
				GCC_WARN_UNUSED_FUNCTION = YES;
				GCC_WARN_UNUSED_VARIABLE = YES;
				IPHONEOS_DEPLOYMENT_TARGET = 15.0;
				MTL_ENABLE_DEBUG_INFO = NO;
				MTL_FAST_MATH = YES;
				SDKROOT = iphoneos;
				SWIFT_COMPILATION_MODE = wholemodule;
				SWIFT_OPTIMIZATION_LEVEL = "-O";
				VALIDATE_PRODUCT = YES;
			};
			name = Release;
		};
		2778F9DA28AE0BA60052A0C8 /* Debug */ = {
			isa = XCBuildConfiguration;
			buildSettings = {
				ASSETCATALOG_COMPILER_APPICON_NAME = AppIcon;
				ASSETCATALOG_COMPILER_GLOBAL_ACCENT_COLOR_NAME = AccentColor;
				CODE_SIGN_STYLE = Automatic;
				CURRENT_PROJECT_VERSION = 1;
				DEVELOPMENT_TEAM = G3USWXHYW5;
				GENERATE_INFOPLIST_FILE = YES;
				INFOPLIST_FILE = iOSCourse/Info.plist;
				INFOPLIST_KEY_UIApplicationSupportsIndirectInputEvents = YES;
				INFOPLIST_KEY_UILaunchStoryboardName = LaunchScreen;
				INFOPLIST_KEY_UIMainStoryboardFile = Main;
				INFOPLIST_KEY_UISupportedInterfaceOrientations = UIInterfaceOrientationPortrait;
				INFOPLIST_KEY_UISupportedInterfaceOrientations_iPad = "UIInterfaceOrientationPortrait UIInterfaceOrientationPortraitUpsideDown UIInterfaceOrientationLandscapeLeft UIInterfaceOrientationLandscapeRight";
				INFOPLIST_KEY_UISupportedInterfaceOrientations_iPhone = "UIInterfaceOrientationPortrait UIInterfaceOrientationLandscapeLeft UIInterfaceOrientationLandscapeRight";
				LD_RUNPATH_SEARCH_PATHS = (
					"$(inherited)",
					"@executable_path/Frameworks",
				);
				MARKETING_VERSION = 1.0;
				PRODUCT_BUNDLE_IDENTIFIER = com.myapp.iOSCourse;
				PRODUCT_NAME = "$(TARGET_NAME)";
				SWIFT_EMIT_LOC_STRINGS = YES;
				SWIFT_VERSION = 5.0;
				TARGETED_DEVICE_FAMILY = 1;
			};
			name = Debug;
		};
		2778F9DB28AE0BA60052A0C8 /* Release */ = {
			isa = XCBuildConfiguration;
			buildSettings = {
				ASSETCATALOG_COMPILER_APPICON_NAME = AppIcon;
				ASSETCATALOG_COMPILER_GLOBAL_ACCENT_COLOR_NAME = AccentColor;
				CODE_SIGN_STYLE = Automatic;
				CURRENT_PROJECT_VERSION = 1;
				DEVELOPMENT_TEAM = G3USWXHYW5;
				GENERATE_INFOPLIST_FILE = YES;
				INFOPLIST_FILE = iOSCourse/Info.plist;
				INFOPLIST_KEY_UIApplicationSupportsIndirectInputEvents = YES;
				INFOPLIST_KEY_UILaunchStoryboardName = LaunchScreen;
				INFOPLIST_KEY_UIMainStoryboardFile = Main;
				INFOPLIST_KEY_UISupportedInterfaceOrientations = UIInterfaceOrientationPortrait;
				INFOPLIST_KEY_UISupportedInterfaceOrientations_iPad = "UIInterfaceOrientationPortrait UIInterfaceOrientationPortraitUpsideDown UIInterfaceOrientationLandscapeLeft UIInterfaceOrientationLandscapeRight";
				INFOPLIST_KEY_UISupportedInterfaceOrientations_iPhone = "UIInterfaceOrientationPortrait UIInterfaceOrientationLandscapeLeft UIInterfaceOrientationLandscapeRight";
				LD_RUNPATH_SEARCH_PATHS = (
					"$(inherited)",
					"@executable_path/Frameworks",
				);
				MARKETING_VERSION = 1.0;
				PRODUCT_BUNDLE_IDENTIFIER = com.myapp.iOSCourse;
				PRODUCT_NAME = "$(TARGET_NAME)";
				SWIFT_EMIT_LOC_STRINGS = YES;
				SWIFT_VERSION = 5.0;
				TARGETED_DEVICE_FAMILY = 1;
			};
			name = Release;
		};
/* End XCBuildConfiguration section */

/* Begin XCConfigurationList section */
		2778F9BD28AE0BA50052A0C8 /* Build configuration list for PBXProject "iOSCourse" */ = {
			isa = XCConfigurationList;
			buildConfigurations = (
				2778F9D728AE0BA60052A0C8 /* Debug */,
				2778F9D828AE0BA60052A0C8 /* Release */,
			);
			defaultConfigurationIsVisible = 0;
			defaultConfigurationName = Release;
		};
		2778F9D928AE0BA60052A0C8 /* Build configuration list for PBXNativeTarget "iOSCourse" */ = {
			isa = XCConfigurationList;
			buildConfigurations = (
				2778F9DA28AE0BA60052A0C8 /* Debug */,
				2778F9DB28AE0BA60052A0C8 /* Release */,
			);
			defaultConfigurationIsVisible = 0;
			defaultConfigurationName = Release;
		};
/* End XCConfigurationList section */

/* Begin XCRemoteSwiftPackageReference section */
		270D1B3A28AE123D00D7214A /* XCRemoteSwiftPackageReference "firebase-ios-sdk" */ = {
			isa = XCRemoteSwiftPackageReference;
			repositoryURL = "https://github.com/firebase/firebase-ios-sdk";
			requirement = {
				branch = master;
				kind = branch;
			};
		};
/* End XCRemoteSwiftPackageReference section */

/* Begin XCSwiftPackageProductDependency section */
		270D1B3B28AE123D00D7214A /* FirebaseAuth */ = {
			isa = XCSwiftPackageProductDependency;
			package = 270D1B3A28AE123D00D7214A /* XCRemoteSwiftPackageReference "firebase-ios-sdk" */;
			productName = FirebaseAuth;
		};
/* End XCSwiftPackageProductDependency section */

/* Begin XCVersionGroup section */
		2778F9CE28AE0BA50052A0C8 /* iOSCourse.xcdatamodeld */ = {
			isa = XCVersionGroup;
			children = (
				2778F9CF28AE0BA50052A0C8 /* iOSCourse.xcdatamodel */,
			);
			currentVersion = 2778F9CF28AE0BA50052A0C8 /* iOSCourse.xcdatamodel */;
			path = iOSCourse.xcdatamodeld;
			sourceTree = "<group>";
			versionGroupType = wrapper.xcdatamodel;
		};
/* End XCVersionGroup section */
	};
	rootObject = 2778F9BA28AE0BA50052A0C8 /* Project object */;
}
